{
  "name": "@aispace-sh/cli",
  "version": "0.0.0",
  "lockfileVersion": 3,
  "requires": true,
  "packages": {
    "": {
      "name": "@aispace-sh/cli",
      "version": "0.0.0",
      "hasInstallScript": true,
      "license": "MIT",
      "bin": {
        "aispace": "bin/aispace.js"
      },
      "engines": {
        "node": ">=20"
      }
    }
  }
}
